// !$*UTF8*$!
{
	archiveVersion = 1;
	classes = {
	};
	objectVersion = 46;
	objects = {

/* Begin PBXBuildFile section */
		96BE00011DB1035100D8637A /* AppDelegate.swift in Sources */ = {isa = PBXBuildFile; fileRef = 96BE00001DB1035100D8637A /* AppDelegate.swift */; };
		96BE00031DB1035100D8637A /* ViewController.swift in Sources */ = {isa = PBXBuildFile; fileRef = 96BE00021DB1035100D8637A /* ViewController.swift */; };
		96BE00061DB1035100D8637A /* Main.storyboard in Resources */ = {isa = PBXBuildFile; fileRef = 96BE00041DB1035100D8637A /* Main.storyboard */; };
		96BE00081DB1035100D8637A /* Assets.xcassets in Resources */ = {isa = PBXBuildFile; fileRef = 96BE00071DB1035100D8637A /* Assets.xcassets */; };
		96BE000B1DB1035100D8637A /* LaunchScreen.storyboard in Resources */ = {isa = PBXBuildFile; fileRef = 96BE00091DB1035100D8637A /* LaunchScreen.storyboard */; };
/* End PBXBuildFile section */

/* Begin PBXFileReference section */
		96BE00001DB1035100D8637A /* AppDelegate.swift */ = {isa = PBXFileReference; lastKnownFileType = sourcecode.swift; path = AppDelegate.swift; sourceTree = "<group>"; };
		96BE00021DB1035100D8637A /* ViewController.swift */ = {isa = PBXFileReference; lastKnownFileType = sourcecode.swift; path = ViewController.swift; sourceTree = "<group>"; };
		96BE00051DB1035100D8637A /* Base */ = {isa = PBXFileReference; lastKnownFileType = file.storyboard; name = Base; path = Base.lproj/Main.storyboard; sourceTree = "<group>"; };
		96BE00071DB1035100D8637A /* Assets.xcassets */ = {isa = PBXFileReference; lastKnownFileType = folder.assetcatalog; path = Assets.xcassets; sourceTree = "<group>"; };
		96BE000A1DB1035100D8637A /* Base */ = {isa = PBXFileReference; lastKnownFileType = file.storyboard; name = Base; path = Base.lproj/LaunchScreen.storyboard; sourceTree = "<group>"; };
		96BE000C1DB1035100D8637A /* Info.plist */ = {isa = PBXFileReference; lastKnownFileType = text.plist.xml; path = Info.plist; sourceTree = "<group>"; };
		96BEFFFD1DB1035100D8637A /* TestCollectionView.app */ = {isa = PBXFileReference; explicitFileType = wrapper.application; includeInIndex = 0; path = TestCollectionView.app; sourceTree = BUILT_PRODUCTS_DIR; };
/* End PBXFileReference section */

/* Begin PBXFrameworksBuildPhase section */
		96BEFFFA1DB1035100D8637A /* Frameworks */ = {
			isa = PBXFrameworksBuildPhase;
			buildActionMask = 2147483647;
			files = (
			);
			runOnlyForDeploymentPostprocessing = 0;
		};
/* End PBXFrameworksBuildPhase section */

/* Begin PBXGroup section */
		96BEFFF41DB1035000D8637A = {
			isa = PBXGroup;
			children = (
				96BEFFFF1DB1035100D8637A /* TestCollectionView */,
				96BEFFFE1DB1035100D8637A /* Products */,
			);
			sourceTree = "<group>";
		};
		96BEFFFE1DB1035100D8637A /* Products */ = {
			isa = PBXGroup;
			children = (
				96BEFFFD1DB1035100D8637A /* TestCollectionView.app */,
			);
			name = Products;
			sourceTree = "<group>";
		};
		96BEFFFF1DB1035100D8637A /* TestCollectionView */ = {
			isa = PBXGroup;
			children = (
				96BE00001DB1035100D8637A /* AppDelegate.swift */,
				96BE00021DB1035100D8637A /* ViewController.swift */,
				96BE00041DB1035100D8637A /* Main.storyboard */,
				96BE00071DB1035100D8637A /* Assets.xcassets */,
				96BE00091DB1035100D8637A /* LaunchScreen.storyboard */,
				96BE000C1DB1035100D8637A /* Info.plist */,
			);
			path = TestCollectionView;
			sourceTree = "<group>";
		};
/* End PBXGroup section */

/* Begin PBXNativeTarget section */
		96BEFFFC1DB1035100D8637A /* TestCollectionView */ = {
			isa = PBXNativeTarget;
			buildConfigurationList = 96BE000F1DB1035100D8637A /* Build configuration list for PBXNativeTarget "TestCollectionView" */;
			buildPhases = (
				96BEFFF91DB1035100D8637A /* Sources */,
				96BEFFFA1DB1035100D8637A /* Frameworks */,
				96BEFFFB1DB1035100D8637A /* Resources */,
			);
			buildRules = (
			);
			dependencies = (
			);
			name = TestCollectionView;
			productName = TestCollectionView;
			productReference = 96BEFFFD1DB1035100D8637A /* TestCollectionView.app */;
			productType = "com.apple.product-type.application";
		};
/* End PBXNativeTarget section */

/* Begin PBXProject section */
		96BEFFF51DB1035000D8637A /* Project object */ = {
			isa = PBXProject;
			attributes = {
				LastSwiftUpdateCheck = 0800;
				LastUpgradeCheck = 0800;
				ORGANIZATIONNAME = "Veronika Hristozova";
				TargetAttributes = {
					96BEFFFC1DB1035100D8637A = {
						CreatedOnToolsVersion = 8.0;
						DevelopmentTeam = E5C2GPDY2X;
						ProvisioningStyle = Automatic;
					};
				};
			};
			buildConfigurationList = 96BEFFF81DB1035000D8637A /* Build configuration list for PBXProject "TestCollectionView" */;
			compatibilityVersion = "Xcode 3.2";
			developmentRegion = English;
			hasScannedForEncodings = 0;
			knownRegions = (
				en,
				Base,
			);
			mainGroup = 96BEFFF41DB1035000D8637A;
			productRefGroup = 96BEFFFE1DB1035100D8637A /* Products */;
			projectDirPath = "";
			projectRoot = "";
			targets = (
				96BEFFFC1DB1035100D8637A /* TestCollectionView */,
			);
		};
/* End PBXProject section */

/* Begin PBXResourcesBuildPhase section */
		96BEFFFB1DB1035100D8637A /* Resources */ = {
			isa = PBXResourcesBuildPhase;
			buildActionMask = 2147483647;
			files = (
				96BE000B1DB1035100D8637A /* LaunchScreen.storyboard in Resources */,
				96BE00081DB1035100D8637A /* Assets.xcassets in Resources */,
				96BE00061DB1035100D8637A /* Main.storyboard in Resources */,
			);
			runOnlyForDeploymentPostprocessing = 0;
		};
/* End PBXResourcesBuildPhase section */

/* Begin PBXSourcesBuildPhase section */
		96BEFFF91DB1035100D8637A /* Sources */ = {
			isa = PBXSourcesBuildPhase;
			buildActionMask = 2147483647;
			files = (
				96BE00031DB1035100D8637A /* ViewController.swift in Sources */,
				96BE00011DB1035100D8637A /* AppDelegate.swift in Sources */,
			);
			runOnlyForDeploymentPostprocessing = 0;
		};
/* End PBXSourcesBuildPhase section */

/* Begin PBXVariantGroup section */
		96BE00041DB1035100D8637A /* Main.storyboard */ = {
			isa = PBXVariantGroup;
			children = (
				96BE00051DB1035100D8637A /* Base */,
			);
			name = Main.storyboard;
			sourceTree = "<group>";
		};
		96BE00091DB1035100D8637A /* LaunchScreen.storyboard */ = {
			isa = PBXVariantGroup;
			children = (
				96BE000A1DB1035100D8637A /* Base */,
			);
			name = LaunchScreen.storyboard;
			sourceTree = "<group>";
		};
/* End PBXVariantGroup section */

/* Begin XCBuildConfiguration section */
		96BE000D1DB1035100D8637A /* Debug */ = {
			isa = XCBuildConfiguration;
			buildSettings = {
				ALWAYS_SEARCH_USER_PATHS = NO;
				CLANG_ANALYZER_NONNULL = YES;
				CLANG_CXX_LANGUAGE_STANDARD = "gnu++0x";
				CLANG_CXX_LIBRARY = "libc++";
				CLANG_ENABLE_MODULES = YES;
				CLANG_ENABLE_OBJC_ARC = YES;
				CLANG_WARN_BOOL_CONVERSION = YES;
				CLANG_WARN_CONSTANT_CONVERSION = YES;
				CLANG_WARN_DIRECT_OBJC_ISA_USAGE = YES_ERROR;
				CLANG_WARN_DOCUMENTATION_COMMENTS = YES;
				CLANG_WARN_EMPTY_BODY = YES;
				CLANG_WARN_ENUM_CONVERSION = YES;
				CLANG_WARN_INFINITE_RECURSION = YES;
				CLANG_WARN_INT_CONVERSION = YES;
				CLANG_WARN_OBJC_ROOT_CLASS = YES_ERROR;
				CLANG_WARN_SUSPICIOUS_MOVES = YES;
				CLANG_WARN_UNREACHABLE_CODE = YES;
				CLANG_WARN__DUPLICATE_METHOD_MATCH = YES;
				"CODE_SIGN_IDENTITY[sdk=iphoneos*]" = "iPhone Developer";
				COPY_PHASE_STRIP = NO;
				DEBUG_INFORMATION_FORMAT = dwarf;
				ENABLE_STRICT_OBJC_MSGSEND = YES;
				ENABLE_TESTABILITY = YES;
				GCC_C_LANGUAGE_STANDARD = gnu99;
				GCC_DYNAMIC_NO_PIC = NO;
				GCC_NO_COMMON_BLOCKS = YES;
				GCC_OPTIMIZATION_LEVEL = 0;
				GCC_PREPROCESSOR_DEFINITIONS = (
					"DEBUG=1",
					"$(inherited)",
				);
				GCC_WARN_64_TO_32_BIT_CONVERSION = YES;
				GCC_WARN_ABOUT_RETURN_TYPE = YES_ERROR;
				GCC_WARN_UNDECLARED_SELECTOR = YES;
				GCC_WARN_UNINITIALIZED_AUTOS = YES_AGGRESSIVE;
				GCC_WARN_UNUSED_FUNCTION = YES;
				GCC_WARN_UNUSED_VARIABLE = YES;
				IPHONEOS_DEPLOYMENT_TARGET = 10.0;
				MTL_ENABLE_DEBUG_INFO = YES;
				ONLY_ACTIVE_ARCH = YES;
				SDKROOT = iphoneos;
				SWIFT_ACTIVE_COMPILATION_CONDITIONS = DEBUG;
				SWIFT_OPTIMIZATION_LEVEL = "-Onone";
				TARGETED_DEVICE_FAMILY = "1,2";
			};
			name = Debug;
		};
		96BE000E1DB1035100D8637A /* Release */ = {
			isa = XCBuildConfiguration;
			buildSettings = {
				ALWAYS_SEARCH_USER_PATHS = NO;
				CLANG_ANALYZER_NONNULL = YES;
				CLANG_CXX_LANGUAGE_STANDARD = "gnu++0x";
				CLANG_CXX_LIBRARY = "libc++";
				CLANG_ENABLE_MODULES = YES;
				CLANG_ENABLE_OBJC_ARC = YES;
				CLANG_WARN_BOOL_CONVERSION = YES;
				CLANG_WARN_CONSTANT_CONVERSION = YES;
				CLANG_WARN_DIRECT_OBJC_ISA_USAGE = YES_ERROR;
				CLANG_WARN_DOCUMENTATION_COMMENTS = YES;
				CLANG_WARN_EMPTY_BODY = YES;
				CLANG_WARN_ENUM_CONVERSION = YES;
				CLANG_WARN_INFINITE_RECURSION = YES;
				CLANG_WARN_INT_CONVERSION = YES;
				CLANG_WARN_OBJC_ROOT_CLASS = YES_ERROR;
				CLANG_WARN_SUSPICIOUS_MOVES = YES;
				CLANG_WARN_UNREACHABLE_CODE = YES;
				CLANG_WARN__DUPLICATE_METHOD_MATCH = YES;
				"CODE_SIGN_IDENTITY[sdk=iphoneos*]" = "iPhone Developer";
				COPY_PHASE_STRIP = NO;
				DEBUG_INFORMATION_FORMAT = "dwarf-with-dsym";
				ENABLE_NS_ASSERTIONS = NO;
				ENABLE_STRICT_OBJC_MSGSEND = YES;
				GCC_C_LANGUAGE_STANDARD = gnu99;
				GCC_NO_COMMON_BLOCKS = YES;
				GCC_WARN_64_TO_32_BIT_CONVERSION = YES;
				GCC_WARN_ABOUT_RETURN_TYPE = YES_ERROR;
				GCC_WARN_UNDECLARED_SELECTOR = YES;
				GCC_WARN_UNINITIALIZED_AUTOS = YES_AGGRESSIVE;
				GCC_WARN_UNUSED_FUNCTION = YES;
				GCC_WARN_UNUSED_VARIABLE = YES;
				IPHONEOS_DEPLOYMENT_TARGET = 10.0;
				MTL_ENABLE_DEBUG_INFO = NO;
				SDKROOT = iphoneos;
				SWIFT_OPTIMIZATION_LEVEL = "-Owholemodule";
				TARGETED_DEVICE_FAMILY = "1,2";
				VALIDATE_PRODUCT = YES;
			};
			name = Release;
		};
		96BE00101DB1035100D8637A /* Debug */ = {
			isa = XCBuildConfiguration;
			buildSettings = {
				ASSETCATALOG_COMPILER_APPICON_NAME = AppIcon;
				DEVELOPMENT_TEAM = E5C2GPDY2X;
				INFOPLIST_FILE = TestCollectionView/Info.plist;
				LD_RUNPATH_SEARCH_PATHS = "$(inherited) @executable_path/Frameworks";
				PRODUCT_BUNDLE_IDENTIFIER = Personal.TestCollectionView;
				PRODUCT_NAME = "$(TARGET_NAME)";
				SWIFT_VERSION = 3.0;
			};
			name = Debug;
		};
		96BE00111DB1035100D8637A /* Release */ = {
			isa = XCBuildConfiguration;
			buildSettings = {
				ASSETCATALOG_COMPILER_APPICON_NAME = AppIcon;
				DEVELOPMENT_TEAM = E5C2GPDY2X;
				INFOPLIST_FILE = TestCollectionView/Info.plist;
				LD_RUNPATH_SEARCH_PATHS = "$(inherited) @executable_path/Frameworks";
				PRODUCT_BUNDLE_IDENTIFIER = Personal.TestCollectionView;
				PRODUCT_NAME = "$(TARGET_NAME)";
				SWIFT_VERSION = 3.0;
			};
			name = Release;
		};
/* End XCBuildConfiguration section */

/* Begin XCConfigurationList section */
		96BE000F1DB1035100D8637A /* Build configuration list for PBXNativeTarget "TestCollectionView" */ = {
			isa = XCConfigurationList;
			buildConfigurations = (
				96BE00101DB1035100D8637A /* Debug */,
				96BE00111DB1035100D8637A /* Release */,
			);
			defaultConfigurationIsVisible = 0;
		};
		96BEFFF81DB1035000D8637A /* Build configuration list for PBXProject "TestCollectionView" */ = {
			isa = XCConfigurationList;
			buildConfigurations = (
				96BE000D1DB1035100D8637A /* Debug */,
				96BE000E1DB1035100D8637A /* Release */,
			);
			defaultConfigurationIsVisible = 0;
			defaultConfigurationName = Release;
		};
/* End XCConfigurationList section */
	};
	rootObject = 96BEFFF51DB1035000D8637A /* Project object */;
}
